
Microsoft Visual Studio Solution File, Format Version 12.00
# Visual Studio Version 17
VisualStudioVersion = 17.5.33103.201
MinimumVisualStudioVersion = 10.0.40219.1
Project("{9A19103F-16F7-4668-BE54-9A1E7A4F7556}") = "SmartHomeClient", "SmartHomeClient.csproj", "{5216E2C4-EFE0-4F65-994B-D30834FCDF39}"
EndProject
Project("{9A19103F-16F7-4668-BE54-9A1E7A4F7556}") = "SmartHomeServer", "..\SmartHomeServer\SmartHomeServer.csproj", "{AE94B185-F915-43CF-AF6E-134BE080D437}"
EndProject
Global
	GlobalSection(SolutionConfigurationPlatforms) = preSolution
		Debug|Any CPU = Debug|Any CPU
		Release|Any CPU = Release|Any CPU
	EndGlobalSection
	GlobalSection(ProjectConfigurationPlatforms) = postSolution
		{5216E2C4-EFE0-4F65-994B-D30834FCDF39}.Debug|Any CPU.ActiveCfg = Debug|Any CPU
		{5216E2C4-EFE0-4F65-994B-D30834FCDF39}.Debug|Any CPU.Build.0 = Debug|Any CPU
		{5216E2C4-EFE0-4F65-994B-D30834FCDF39}.Release|Any CPU.ActiveCfg = Release|Any CPU
		{5216E2C4-EFE0-4F65-994B-D30834FCDF39}.Release|Any CPU.Build.0 = Release|Any CPU
		{AE94B185-F915-43CF-AF6E-134BE080D437}.Debug|Any CPU.ActiveCfg = Debug|Any CPU
		{AE94B185-F915-43CF-AF6E-134BE080D437}.Debug|Any CPU.Build.0 = Debug|Any CPU
		{AE94B185-F915-43CF-AF6E-134BE080D437}.Release|Any CPU.ActiveCfg = Release|Any CPU
		{AE94B185-F915-43CF-AF6E-134BE080D437}.Release|Any CPU.Build.0 = Release|Any CPU
	EndGlobalSection
	GlobalSection(SolutionProperties) = preSolution
		HideSolutionNode = FALSE
	EndGlobalSection
	GlobalSection(ExtensibilityGlobals) = postSolution
		SolutionGuid = {8D1EC924-EC05-475D-A7DA-8D6C2187F44C}
	EndGlobalSection
EndGlobal
